name: Yarn Install without yarn.lock

on:
  push:
    branches: [ master ]
  pull_request:
    branches: [ master ]

jobs:
  build:
    runs-on: ubuntu-latest

    steps:
      - name: Checkout repository
        uses: actions/checkout@v3

      - name: Set up Node.js
        uses: actions/setup-node@v3
        with:
          node-version: '14'  # Specify the Node.js version you need

      - name: Install dependencies without yarn.lock
        run: yarn install

      - name: Run tests
        run: yarn test
